
Microsoft Visual Studio Solution File, Format Version 12.00
# Visual Studio Version 17
VisualStudioVersion = 17.4.33213.308
MinimumVisualStudioVersion = 10.0.40219.1
Project("{FAE04EC0-301F-11D3-BF4B-00C04F79EFBC}") = "Clothes shop  1", "Clothes shop  1\Clothes shop  1.csproj", "{FC73229E-912A-4DFB-B19B-570073A1E07C}"
EndProject
Global
	GlobalSection(SolutionConfigurationPlatforms) = preSolution
		Debug|Any CPU = Debug|Any CPU
		Release|Any CPU = Release|Any CPU
	EndGlobalSection
	GlobalSection(ProjectConfigurationPlatforms) = postSolution
		{FC73229E-912A-4DFB-B19B-570073A1E07C}.Debug|Any CPU.ActiveCfg = Debug|Any CPU
		{FC73229E-912A-4DFB-B19B-570073A1E07C}.Debug|Any CPU.Build.0 = Debug|Any CPU
		{FC73229E-912A-4DFB-B19B-570073A1E07C}.Release|Any CPU.ActiveCfg = Release|Any CPU
		{FC73229E-912A-4DFB-B19B-570073A1E07C}.Release|Any CPU.Build.0 = Release|Any CPU
	EndGlobalSection
	GlobalSection(SolutionProperties) = preSolution
		HideSolutionNode = FALSE
	EndGlobalSection
	GlobalSection(ExtensibilityGlobals) = postSolution
		SolutionGuid = {308231CB-E6F1-42EA-8EF0-197B63FDB132}
	EndGlobalSection
EndGlobal
